
Microsoft Visual Studio Solution File, Format Version 12.00
# Visual Studio Version 16
VisualStudioVersion = 16.0.31205.134
MinimumVisualStudioVersion = 10.0.40219.1
Project("{FAE04EC0-301F-11D3-BF4B-00C04F79EFBC}") = "Structures", "Structures\Structures.csproj", "{42AD83C0-2E81-4B92-9443-9962DA0D5E4B}"
EndProject
Global
	GlobalSection(SolutionConfigurationPlatforms) = preSolution
		Debug|Any CPU = Debug|Any CPU
		Release|Any CPU = Release|Any CPU
	EndGlobalSection
	GlobalSection(ProjectConfigurationPlatforms) = postSolution
		{42AD83C0-2E81-4B92-9443-9962DA0D5E4B}.Debug|Any CPU.ActiveCfg = Debug|Any CPU
		{42AD83C0-2E81-4B92-9443-9962DA0D5E4B}.Debug|Any CPU.Build.0 = Debug|Any CPU
		{42AD83C0-2E81-4B92-9443-9962DA0D5E4B}.Release|Any CPU.ActiveCfg = Release|Any CPU
		{42AD83C0-2E81-4B92-9443-9962DA0D5E4B}.Release|Any CPU.Build.0 = Release|Any CPU
	EndGlobalSection
	GlobalSection(SolutionProperties) = preSolution
		HideSolutionNode = FALSE
	EndGlobalSection
	GlobalSection(ExtensibilityGlobals) = postSolution
		SolutionGuid = {E1E8CC16-BAB7-4548-A655-C1C75B87A42E}
	EndGlobalSection
EndGlobal
